# Generated by pub
# See https://www.dartlang.org/tools/pub/glossary#lockfile
packages:
  analyzer:
    dependency: transitive
    description:
      name: analyzer
      url: "https://pub.dartlang.org"
    source: hosted
    version: "0.32.1"
  angular:
    dependency: "direct main"
    description:
      name: angular
      url: "https://pub.dartlang.org"
    source: hosted
    version: "5.0.0-alpha+14"
  angular_ast:
    dependency: transitive
    description:
      name: angular_ast
      url: "https://pub.dartlang.org"
    source: hosted
    version: "0.5.3+2"
  angular_compiler:
    dependency: transitive
    description:
      name: angular_compiler
      url: "https://pub.dartlang.org"
    source: hosted
    version: "0.4.0-alpha+14"
  angular_components:
    dependency: "direct main"
    description:
      name: angular_components
      url: "https://pub.dartlang.org"
    source: hosted
    version: "0.9.0-alpha+14"
  angular_forms:
    dependency: transitive
    description:
      name: angular_forms
      url: "https://pub.dartlang.org"
    source: hosted
    version: "2.0.0-alpha+6"
  angular_gallery:
    dependency: "direct main"
    description:
      path: "../../angular_gallery"
      relative: true
    source: path
    version: "0.0.0"
  angular_gallery_section:
    dependency: transitive
    description:
      path: "../../angular_gallery_section"
      relative: true
    source: path
    version: "0.0.0"
  angular_router:
    dependency: transitive
    description:
      name: angular_router
      url: "https://pub.dartlang.org"
    source: hosted
    version: "2.0.0-alpha+13"
  app_layout_example:
    dependency: "direct main"
    description:
      path: "../app_layout_example"
      relative: true
    source: path
    version: "0.0.0"
  archive:
    dependency: transitive
    description:
      name: archive
      url: "https://pub.dartlang.org"
    source: hosted
    version: "2.0.0"
  args:
    dependency: transitive
    description:
      name: args
      url: "https://pub.dartlang.org"
    source: hosted
    version: "1.4.3"
  async:
    dependency: transitive
    description:
      name: async
      url: "https://pub.dartlang.org"
    source: hosted
    version: "2.0.7"
  bazel_worker:
    dependency: transitive
    description:
      name: bazel_worker
      url: "https://pub.dartlang.org"
    source: hosted
    version: "0.1.10"
  build:
    dependency: transitive
    description:
      name: build
      url: "https://pub.dartlang.org"
    source: hosted
    version: "0.12.6"
  build_config:
    dependency: "direct main"
    description:
      name: build_config
      url: "https://pub.dartlang.org"
    source: hosted
    version: "0.2.6+2"
  build_modules:
    dependency: transitive
    description:
      name: build_modules
      url: "https://pub.dartlang.org"
    source: hosted
    version: "0.2.2+5"
  build_resolvers:
    dependency: transitive
    description:
      name: build_resolvers
      url: "https://pub.dartlang.org"
    source: hosted
    version: "0.2.0+2"
  build_runner:
    dependency: "direct dev"
    description:
      name: build_runner
      url: "https://pub.dartlang.org"
    source: hosted
    version: "0.8.9"
  build_web_compilers:
    dependency: "direct dev"
    description:
      name: build_web_compilers
      url: "https://pub.dartlang.org"
    source: hosted
    version: "0.4.0+3"
  built_collection:
    dependency: transitive
    description:
      name: built_collection
      url: "https://pub.dartlang.org"
    source: hosted
    version: "3.1.1"
  built_value:
    dependency: transitive
    description:
      name: built_value
      url: "https://pub.dartlang.org"
    source: hosted
    version: "5.5.1"
  charcode:
    dependency: transitive
    description:
      name: charcode
      url: "https://pub.dartlang.org"
    source: hosted
    version: "1.1.1"
  cli_repl:
    dependency: transitive
    description:
      name: cli_repl
      url: "https://pub.dartlang.org"
    source: hosted
    version: "0.1.3"
  cli_util:
    dependency: transitive
    description:
      name: cli_util
      url: "https://pub.dartlang.org"
    source: hosted
    version: "0.1.3"
  code_builder:
    dependency: transitive
    description:
      name: code_builder
      url: "https://pub.dartlang.org"
    source: hosted
    version: "3.1.0"
  collection:
    dependency: transitive
    description:
      name: collection
      url: "https://pub.dartlang.org"
    source: hosted
    version: "1.14.9"
  convert:
    dependency: transitive
    description:
      name: convert
      url: "https://pub.dartlang.org"
    source: hosted
    version: "2.0.1"
  crypto:
    dependency: transitive
    description:
      name: crypto
      url: "https://pub.dartlang.org"
    source: hosted
    version: "2.0.3"
  csslib:
    dependency: transitive
    description:
      name: csslib
      url: "https://pub.dartlang.org"
    source: hosted
    version: "0.14.4"
  dart2_constant:
    dependency: transitive
    description:
      name: dart2_constant
      url: "https://pub.dartlang.org"
    source: hosted
    version: "1.0.1+dart2"
  dart_internal:
    dependency: transitive
    description:
      name: dart_internal
      url: "https://pub.dartlang.org"
    source: hosted
    version: "0.1.1"
  dart_style:
    dependency: transitive
    description:
      name: dart_style
      url: "https://pub.dartlang.org"
    source: hosted
    version: "1.0.14"
  fixnum:
    dependency: transitive
    description:
      name: fixnum
      url: "https://pub.dartlang.org"
    source: hosted
    version: "0.10.7"
  front_end:
    dependency: transitive
    description:
      name: front_end
      url: "https://pub.dartlang.org"
    source: hosted
    version: "0.1.1"
  glob:
    dependency: transitive
    description:
      name: glob
      url: "https://pub.dartlang.org"
    source: hosted
    version: "1.1.5"
  graphs:
    dependency: transitive
    description:
      name: graphs
      url: "https://pub.dartlang.org"
    source: hosted
    version: "0.1.2"
  html:
    dependency: transitive
    description:
      name: html
      url: "https://pub.dartlang.org"
    source: hosted
    version: "0.13.3+1"
  http:
    dependency: transitive
    description:
      name: http
      url: "https://pub.dartlang.org"
    source: hosted
    version: "0.11.3+16"
  http_multi_server:
    dependency: transitive
    description:
      name: http_multi_server
      url: "https://pub.dartlang.org"
    source: hosted
    version: "2.0.5"
  http_parser:
    dependency: transitive
    description:
      name: http_parser
      url: "https://pub.dartlang.org"
    source: hosted
    version: "3.1.2"
  intl:
    dependency: transitive
    description:
      name: intl
      url: "https://pub.dartlang.org"
    source: hosted
    version: "0.15.6"
  io:
    dependency: transitive
    description:
      name: io
      url: "https://pub.dartlang.org"
    source: hosted
    version: "0.3.2+1"
  js:
    dependency: transitive
    description:
      name: js
      url: "https://pub.dartlang.org"
    source: hosted
    version: "0.6.1"
  json_annotation:
    dependency: transitive
    description:
      name: json_annotation
      url: "https://pub.dartlang.org"
    source: hosted
    version: "0.2.7+1"
  kernel:
    dependency: transitive
    description:
      name: kernel
      url: "https://pub.dartlang.org"
    source: hosted
    version: "0.3.1"
  logging:
    dependency: transitive
    description:
      name: logging
      url: "https://pub.dartlang.org"
    source: hosted
    version: "0.11.3+1"
  markdown:
    dependency: transitive
    description:
      name: markdown
      url: "https://pub.dartlang.org"
    source: hosted
    version: "1.1.1"
  matcher:
    dependency: transitive
    description:
      name: matcher
      url: "https://pub.dartlang.org"
    source: hosted
    version: "0.12.2+1"
  material_button_example:
    dependency: "direct main"
    description:
      path: "../material_button_example"
      relative: true
    source: path
    version: "0.0.0"
  material_checkbox_example:
    dependency: "direct main"
    description:
      path: "../material_checkbox_example"
      relative: true
    source: path
    version: "0.0.0"
  material_chips_example:
    dependency: "direct main"
    description:
      path: "../material_chips_example"
      relative: true
    source: path
    version: "0.0.0"
  material_datepicker_example:
    dependency: "direct main"
    description:
      path: "../material_datepicker_example"
      relative: true
    source: path
    version: "0.0.0"
  material_dialog_example:
    dependency: "direct main"
    description:
      path: "../material_dialog_example"
      relative: true
    source: path
    version: "0.0.0"
  material_expansionpanel_example:
    dependency: "direct main"
    description:
      path: "../material_expansionpanel_example"
      relative: true
    source: path
    version: "0.0.0"
  material_icon_example:
    dependency: "direct main"
    description:
      path: "../material_icon_example"
      relative: true
    source: path
    version: "0.0.0"
  material_input_example:
    dependency: "direct main"
    description:
      path: "../material_input_example"
      relative: true
    source: path
    version: "0.0.0"
  material_list_example:
    dependency: "direct main"
    description:
      path: "../material_list_example"
      relative: true
    source: path
    version: "0.0.0"
  material_menu_example:
    dependency: "direct main"
    description:
      path: "../material_menu_example"
      relative: true
    source: path
    version: "0.0.0"
  material_popup_example:
    dependency: "direct main"
    description:
      path: "../material_popup_example"
      relative: true
    source: path
    version: "0.0.0"
  material_progress_example:
    dependency: "direct main"
    description:
      path: "../material_progress_example"
      relative: true
    source: path
    version: "0.0.0"
  material_radio_example:
    dependency: "direct main"
    description:
      path: "../material_radio_example"
      relative: true
    source: path
    version: "0.0.0"
  material_select_example:
    dependency: "direct main"
    description:
      path: "../material_select_example"
      relative: true
    source: path
    version: "0.0.0"
  material_slider_example:
    dependency: "direct main"
    description:
      path: "../material_slider_example"
      relative: true
    source: path
    version: "0.0.0"
  material_spinner_example:
    dependency: "direct main"
    description:
      path: "../material_spinner_example"
      relative: true
    source: path
    version: "0.0.0"
  material_stepper_example:
    dependency: "direct main"
    description:
      path: "../material_stepper_example"
      relative: true
    source: path
    version: "0.0.0"
  material_tab_example:
    dependency: "direct main"
    description:
      path: "../material_tab_example"
      relative: true
    source: path
    version: "0.0.0"
  material_toggle_example:
    dependency: "direct main"
    description:
      path: "../material_toggle_example"
      relative: true
    source: path
    version: "0.0.0"
  material_tooltip_example:
    dependency: "direct main"
    description:
      path: "../material_tooltip_example"
      relative: true
    source: path
    version: "0.0.0"
  material_tree_example:
    dependency: "direct main"
    description:
      path: "../material_tree_example"
      relative: true
    source: path
    version: "0.0.0"
  material_yes_no_buttons_example:
    dependency: "direct main"
    description:
      path: "../material_yes_no_buttons_example"
      relative: true
    source: path
    version: "0.0.0"
  meta:
    dependency: transitive
    description:
      name: meta
      url: "https://pub.dartlang.org"
    source: hosted
    version: "1.1.5"
  mime:
    dependency: transitive
    description:
      name: mime
      url: "https://pub.dartlang.org"
    source: hosted
    version: "0.9.6+1"
  mustache:
    dependency: transitive
    description:
      name: mustache
      url: "https://pub.dartlang.org"
    source: hosted
    version: "1.0.1"
  observable:
    dependency: transitive
    description:
      name: observable
      url: "https://pub.dartlang.org"
    source: hosted
    version: "0.22.1+3"
  package_config:
    dependency: transitive
    description:
      name: package_config
      url: "https://pub.dartlang.org"
    source: hosted
    version: "1.0.3"
  package_resolver:
    dependency: transitive
    description:
      name: package_resolver
      url: "https://pub.dartlang.org"
    source: hosted
    version: "1.0.3"
  path:
    dependency: transitive
    description:
      name: path
      url: "https://pub.dartlang.org"
    source: hosted
    version: "1.6.0"
  perf_api:
    dependency: transitive
    description:
      name: perf_api
      url: "https://pub.dartlang.org"
    source: hosted
    version: "0.1.0"
  plugin:
    dependency: transitive
    description:
      name: plugin
      url: "https://pub.dartlang.org"
    source: hosted
    version: "0.2.0+2"
  pool:
    dependency: transitive
    description:
      name: pool
      url: "https://pub.dartlang.org"
    source: hosted
    version: "1.3.5"
  protobuf:
    dependency: transitive
    description:
      name: protobuf
      url: "https://pub.dartlang.org"
    source: hosted
    version: "0.8.0"
  pub_semver:
    dependency: transitive
    description:
      name: pub_semver
      url: "https://pub.dartlang.org"
    source: hosted
    version: "1.4.1"
  quiver:
    dependency: transitive
    description:
      name: quiver
      url: "https://pub.dartlang.org"
    source: hosted
    version: "0.29.0+1"
  quiver_hashcode:
    dependency: transitive
    description:
      name: quiver_hashcode
      url: "https://pub.dartlang.org"
    source: hosted
    version: "1.0.0"
  sass:
    dependency: transitive
    description:
      name: sass
      url: "https://pub.dartlang.org"
    source: hosted
    version: "1.5.1"
  sass_builder:
    dependency: transitive
    description:
      name: sass_builder
      url: "https://pub.dartlang.org"
    source: hosted
    version: "2.0.1"
  scorecard_example:
    dependency: "direct main"
    description:
      path: "../scorecard_example"
      relative: true
    source: path
    version: "0.0.0"
  scratch_space:
    dependency: transitive
    description:
      name: scratch_space
      url: "https://pub.dartlang.org"
    source: hosted
    version: "0.0.2+1"
  shelf:
    dependency: transitive
    description:
      name: shelf
      url: "https://pub.dartlang.org"
    source: hosted
    version: "0.7.3+1"
  source_gen:
    dependency: transitive
    description:
      name: source_gen
      url: "https://pub.dartlang.org"
    source: hosted
    version: "0.8.1+3"
  source_maps:
    dependency: transitive
    description:
      name: source_maps
      url: "https://pub.dartlang.org"
    source: hosted
    version: "0.10.5"
  source_span:
    dependency: transitive
    description:
      name: source_span
      url: "https://pub.dartlang.org"
    source: hosted
    version: "1.4.0"
  stack_trace:
    dependency: transitive
    description:
      name: stack_trace
      url: "https://pub.dartlang.org"
    source: hosted
    version: "1.9.2"
  stream_channel:
    dependency: transitive
    description:
      name: stream_channel
      url: "https://pub.dartlang.org"
    source: hosted
    version: "1.6.6"
  stream_transform:
    dependency: transitive
    description:
      name: stream_transform
      url: "https://pub.dartlang.org"
    source: hosted
    version: "0.0.12"
  string_scanner:
    dependency: transitive
    description:
      name: string_scanner
      url: "https://pub.dartlang.org"
    source: hosted
    version: "1.0.2"
  tuple:
    dependency: transitive
    description:
      name: tuple
      url: "https://pub.dartlang.org"
    source: hosted
    version: "1.0.1"
  typed_data:
    dependency: transitive
    description:
      name: typed_data
      url: "https://pub.dartlang.org"
    source: hosted
    version: "1.1.5"
  utf:
    dependency: transitive
    description:
      name: utf
      url: "https://pub.dartlang.org"
    source: hosted
    version: "0.9.0+4"
  watcher:
    dependency: transitive
    description:
      name: watcher
      url: "https://pub.dartlang.org"
    source: hosted
    version: "0.9.7+8"
  yaml:
    dependency: transitive
    description:
      name: yaml
      url: "https://pub.dartlang.org"
    source: hosted
    version: "2.1.14"
sdks:
  dart: ">=2.0.0-dev.56.0 <=2.0.0-dev.60.0"
